
Microsoft Visual Studio Solution File, Format Version 12.00
# Visual Studio Version 17
VisualStudioVersion = 17.3.32929.385
MinimumVisualStudioVersion = 10.0.40219.1
Project("{FAE04EC0-301F-11D3-BF4B-00C04F79EFBC}") = "LobotomyBaseModLib", "LobotomyBaseModLib\LobotomyBaseModLib.csproj", "{D6BC4645-6C67-423E-83C5-8ECB0A73942B}"
EndProject
Global
	GlobalSection(SolutionConfigurationPlatforms) = preSolution
		Debug|Any CPU = Debug|Any CPU
		Release|Any CPU = Release|Any CPU
	EndGlobalSection
	GlobalSection(ProjectConfigurationPlatforms) = postSolution
		{D6BC4645-6C67-423E-83C5-8ECB0A73942B}.Debug|Any CPU.ActiveCfg = Debug|Any CPU
		{D6BC4645-6C67-423E-83C5-8ECB0A73942B}.Debug|Any CPU.Build.0 = Debug|Any CPU
		{D6BC4645-6C67-423E-83C5-8ECB0A73942B}.Release|Any CPU.ActiveCfg = Release|Any CPU
		{D6BC4645-6C67-423E-83C5-8ECB0A73942B}.Release|Any CPU.Build.0 = Release|Any CPU
	EndGlobalSection
	GlobalSection(SolutionProperties) = preSolution
		HideSolutionNode = FALSE
	EndGlobalSection
	GlobalSection(ExtensibilityGlobals) = postSolution
		SolutionGuid = {DF41146E-20F3-4837-87B6-8B790661056D}
	EndGlobalSection
EndGlobal
